{
  "name": "turf_views",
  "version": "1.0.0",
  "lockfileVersion": 3,
  "requires": true,
  "packages": {
    "": {
      "name": "turf_views",
      "version": "1.0.0",
      "license": "ISC",
      "dependencies": {
        "create-next-app": "^15.3.4"
      }
    },
    "node_modules/create-next-app": {
      "version": "15.3.4",
      "resolved": "https://registry.npmjs.org/create-next-app/-/create-next-app-15.3.4.tgz",
      "integrity": "sha512-XGnxEWG+RZmiGxXoIUJhd2Pa+2i4NCXe4bTjgKmM7ZUQh8ugdHzd+pBfDd89XnlUlTaMC0S2OX143OVHq6V/8g==",
      "license": "MIT",
      "bin": {
        "create-next-app": "dist/index.js"
      },
      "engines": {
        "node": ">=18.18.0"
      }
    }
  }
}
